# This file is automatically @generated by Cargo.
# It is not intended for manual editing.
version = 3

[[package]]
name = "collections"
version = "0.1.0"

[[package]]
name = "enums"
version = "0.1.0"

[[package]]
name = "exceptions"
version = "0.1.0"

[[package]]
name = "generics"
version = "0.1.0"

[[package]]
name = "lifetime"
version = "0.1.0"

[[package]]
name = "references"
version = "0.1.0"

[[package]]
name = "rust-2"
version = "0.1.0"

[[package]]
name = "slices"
version = "0.1.0"

[[package]]
name = "structs"
version = "0.1.0"
